// !$*UTF8*$!
{
	archiveVersion = 1;
	classes = {
	};
	objectVersion = 56;
	objects = {

/* Begin PBXBuildFile section */
		558209382A714AC30020C3BF /* Movie.swift in Sources */ = {isa = PBXBuildFile; fileRef = 558209372A714AC30020C3BF /* Movie.swift */; };
		5582093C2A714C210020C3BF /* AsyncImageView.swift in Sources */ = {isa = PBXBuildFile; fileRef = 5582093B2A714C210020C3BF /* AsyncImageView.swift */; };
		558209442A714CA80020C3BF /* CommonTests.swift in Sources */ = {isa = PBXBuildFile; fileRef = 558209432A714CA80020C3BF /* CommonTests.swift */; };
		558209452A714CA80020C3BF /* Common.framework in Frameworks */ = {isa = PBXBuildFile; fileRef = 5582092C2A714AA20020C3BF /* Common.framework */; platformFilter = ios; };
		558209522A714D590020C3BF /* Localizable.strings in Resources */ = {isa = PBXBuildFile; fileRef = 558209542A714D590020C3BF /* Localizable.strings */; };
		5582095A2A714D9A0020C3BF /* Localizable.swift in Sources */ = {isa = PBXBuildFile; fileRef = 558209582A714D9A0020C3BF /* Localizable.swift */; };
		5582095B2A714D9A0020C3BF /* Assets.swift in Sources */ = {isa = PBXBuildFile; fileRef = 558209592A714D9A0020C3BF /* Assets.swift */; };
		5582098A2A7155720020C3BF /* Assets.xcassets in Resources */ = {isa = PBXBuildFile; fileRef = 558209892A7155720020C3BF /* Assets.xcassets */; };
		5F0CF9DBF366F39767CA6D9B /* Pods_Common_CommonTests.framework in Frameworks */ = {isa = PBXBuildFile; fileRef = 227C95B652EA77B937C993CA /* Pods_Common_CommonTests.framework */; };
		F68B0145F6C786684D718D69 /* Pods_Common.framework in Frameworks */ = {isa = PBXBuildFile; fileRef = BB0BF16F23AC3B385AADADD2 /* Pods_Common.framework */; };
/* End PBXBuildFile section */

/* Begin PBXContainerItemProxy section */
		558209462A714CA80020C3BF /* PBXContainerItemProxy */ = {
			isa = PBXContainerItemProxy;
			containerPortal = 558209232A714AA20020C3BF /* Project object */;
			proxyType = 1;
			remoteGlobalIDString = 5582092B2A714AA20020C3BF;
			remoteInfo = Common;
		};
/* End PBXContainerItemProxy section */

/* Begin PBXFileReference section */
		148F6EE3633D4DE8278471CC /* Pods-Common.release.xcconfig */ = {isa = PBXFileReference; includeInIndex = 1; lastKnownFileType = text.xcconfig; name = "Pods-Common.release.xcconfig"; path = "Target Support Files/Pods-Common/Pods-Common.release.xcconfig"; sourceTree = "<group>"; };
		227C95B652EA77B937C993CA /* Pods_Common_CommonTests.framework */ = {isa = PBXFileReference; explicitFileType = wrapper.framework; includeInIndex = 0; path = Pods_Common_CommonTests.framework; sourceTree = BUILT_PRODUCTS_DIR; };
		341B70DB122685587B8143E5 /* Pods-Common-CommonTests.debug.xcconfig */ = {isa = PBXFileReference; includeInIndex = 1; lastKnownFileType = text.xcconfig; name = "Pods-Common-CommonTests.debug.xcconfig"; path = "Target Support Files/Pods-Common-CommonTests/Pods-Common-CommonTests.debug.xcconfig"; sourceTree = "<group>"; };
		45DAE56BAC01D1039622BD14 /* Pods-Common-CommonTests.release.xcconfig */ = {isa = PBXFileReference; includeInIndex = 1; lastKnownFileType = text.xcconfig; name = "Pods-Common-CommonTests.release.xcconfig"; path = "Target Support Files/Pods-Common-CommonTests/Pods-Common-CommonTests.release.xcconfig"; sourceTree = "<group>"; };
		5582092C2A714AA20020C3BF /* Common.framework */ = {isa = PBXFileReference; explicitFileType = wrapper.framework; includeInIndex = 0; path = Common.framework; sourceTree = BUILT_PRODUCTS_DIR; };
		558209372A714AC30020C3BF /* Movie.swift */ = {isa = PBXFileReference; lastKnownFileType = sourcecode.swift; path = Movie.swift; sourceTree = "<group>"; };
		5582093B2A714C210020C3BF /* AsyncImageView.swift */ = {isa = PBXFileReference; lastKnownFileType = sourcecode.swift; path = AsyncImageView.swift; sourceTree = "<group>"; };
		558209412A714CA80020C3BF /* CommonTests.xctest */ = {isa = PBXFileReference; explicitFileType = wrapper.cfbundle; includeInIndex = 0; path = CommonTests.xctest; sourceTree = BUILT_PRODUCTS_DIR; };
		558209432A714CA80020C3BF /* CommonTests.swift */ = {isa = PBXFileReference; lastKnownFileType = sourcecode.swift; path = CommonTests.swift; sourceTree = "<group>"; };
		558209532A714D590020C3BF /* en */ = {isa = PBXFileReference; lastKnownFileType = text.plist.strings; name = en; path = en.lproj/Localizable.strings; sourceTree = "<group>"; };
		558209582A714D9A0020C3BF /* Localizable.swift */ = {isa = PBXFileReference; fileEncoding = 4; lastKnownFileType = sourcecode.swift; path = Localizable.swift; sourceTree = "<group>"; };
		558209592A714D9A0020C3BF /* Assets.swift */ = {isa = PBXFileReference; fileEncoding = 4; lastKnownFileType = sourcecode.swift; path = Assets.swift; sourceTree = "<group>"; };
		558209892A7155720020C3BF /* Assets.xcassets */ = {isa = PBXFileReference; lastKnownFileType = folder.assetcatalog; path = Assets.xcassets; sourceTree = "<group>"; };
		798E6CF92BEA669ABCEA1283 /* Pods-Common.debug.xcconfig */ = {isa = PBXFileReference; includeInIndex = 1; lastKnownFileType = text.xcconfig; name = "Pods-Common.debug.xcconfig"; path = "Target Support Files/Pods-Common/Pods-Common.debug.xcconfig"; sourceTree = "<group>"; };
		BB0BF16F23AC3B385AADADD2 /* Pods_Common.framework */ = {isa = PBXFileReference; explicitFileType = wrapper.framework; includeInIndex = 0; path = Pods_Common.framework; sourceTree = BUILT_PRODUCTS_DIR; };
/* End PBXFileReference section */

/* Begin PBXFrameworksBuildPhase section */
		558209292A714AA20020C3BF /* Frameworks */ = {
			isa = PBXFrameworksBuildPhase;
			buildActionMask = 2147483647;
			files = (
				F68B0145F6C786684D718D69 /* Pods_Common.framework in Frameworks */,
			);
			runOnlyForDeploymentPostprocessing = 0;
		};
		5582093E2A714CA80020C3BF /* Frameworks */ = {
			isa = PBXFrameworksBuildPhase;
			buildActionMask = 2147483647;
			files = (
				558209452A714CA80020C3BF /* Common.framework in Frameworks */,
				5F0CF9DBF366F39767CA6D9B /* Pods_Common_CommonTests.framework in Frameworks */,
			);
			runOnlyForDeploymentPostprocessing = 0;
		};
/* End PBXFrameworksBuildPhase section */

/* Begin PBXGroup section */
		0198D7743C0892F9D44C8BBB /* Pods */ = {
			isa = PBXGroup;
			children = (
				341B70DB122685587B8143E5 /* Pods-Common-CommonTests.debug.xcconfig */,
				45DAE56BAC01D1039622BD14 /* Pods-Common-CommonTests.release.xcconfig */,
				798E6CF92BEA669ABCEA1283 /* Pods-Common.debug.xcconfig */,
				148F6EE3633D4DE8278471CC /* Pods-Common.release.xcconfig */,
			);
			name = Pods;
			path = ../Pods;
			sourceTree = "<group>";
		};
		558209222A714AA20020C3BF = {
			isa = PBXGroup;
			children = (
				5582092E2A714AA20020C3BF /* Common */,
				558209422A714CA80020C3BF /* CommonTests */,
				AFB4CF9BE376BCDE8C576AB2 /* Frameworks */,
				0198D7743C0892F9D44C8BBB /* Pods */,
				5582092D2A714AA20020C3BF /* Products */,
			);
			sourceTree = "<group>";
		};
		5582092D2A714AA20020C3BF /* Products */ = {
			isa = PBXGroup;
			children = (
				5582092C2A714AA20020C3BF /* Common.framework */,
				558209412A714CA80020C3BF /* CommonTests.xctest */,
			);
			name = Products;
			sourceTree = "<group>";
		};
		5582092E2A714AA20020C3BF /* Common */ = {
			isa = PBXGroup;
			children = (
				558209392A714C040020C3BF /* Components */,
				558209572A714D750020C3BF /* Generated */,
				558209362A714AB60020C3BF /* Models */,
				5582094F2A714D4E0020C3BF /* Resources */,
			);
			path = Common;
			sourceTree = "<group>";
		};
		558209362A714AB60020C3BF /* Models */ = {
			isa = PBXGroup;
			children = (
				558209372A714AC30020C3BF /* Movie.swift */,
			);
			path = Models;
			sourceTree = "<group>";
		};
		558209392A714C040020C3BF /* Components */ = {
			isa = PBXGroup;
			children = (
				5582093A2A714C140020C3BF /* AsyncImage */,
			);
			path = Components;
			sourceTree = "<group>";
		};
		5582093A2A714C140020C3BF /* AsyncImage */ = {
			isa = PBXGroup;
			children = (
				5582093B2A714C210020C3BF /* AsyncImageView.swift */,
			);
			path = AsyncImage;
			sourceTree = "<group>";
		};
		558209422A714CA80020C3BF /* CommonTests */ = {
			isa = PBXGroup;
			children = (
				558209432A714CA80020C3BF /* CommonTests.swift */,
			);
			path = CommonTests;
			sourceTree = "<group>";
		};
		5582094F2A714D4E0020C3BF /* Resources */ = {
			isa = PBXGroup;
			children = (
				558209892A7155720020C3BF /* Assets.xcassets */,
				558209542A714D590020C3BF /* Localizable.strings */,
			);
			path = Resources;
			sourceTree = "<group>";
		};
		558209572A714D750020C3BF /* Generated */ = {
			isa = PBXGroup;
			children = (
				558209592A714D9A0020C3BF /* Assets.swift */,
				558209582A714D9A0020C3BF /* Localizable.swift */,
			);
			path = Generated;
			sourceTree = "<group>";
		};
		AFB4CF9BE376BCDE8C576AB2 /* Frameworks */ = {
			isa = PBXGroup;
			children = (
				BB0BF16F23AC3B385AADADD2 /* Pods_Common.framework */,
				227C95B652EA77B937C993CA /* Pods_Common_CommonTests.framework */,
			);
			name = Frameworks;
			sourceTree = "<group>";
		};
/* End PBXGroup section */

/* Begin PBXHeadersBuildPhase section */
		558209272A714AA20020C3BF /* Headers */ = {
			isa = PBXHeadersBuildPhase;
			buildActionMask = 2147483647;
			files = (
			);
			runOnlyForDeploymentPostprocessing = 0;
		};
/* End PBXHeadersBuildPhase section */

/* Begin PBXNativeTarget section */
		5582092B2A714AA20020C3BF /* Common */ = {
			isa = PBXNativeTarget;
			buildConfigurationList = 558209332A714AA20020C3BF /* Build configuration list for PBXNativeTarget "Common" */;
			buildPhases = (
				846C1A99130A4C8F47C3FBEF /* [CP] Check Pods Manifest.lock */,
				558209272A714AA20020C3BF /* Headers */,
				F1568D2D8AE832B73B4F888B /* [CP-User] 🛠️ SwiftGen */,
				C55C9A7389F0D302DF3CBA25 /* [CP-User] 🚨 SwiftLint */,
				558209282A714AA20020C3BF /* Sources */,
				558209292A714AA20020C3BF /* Frameworks */,
				5582092A2A714AA20020C3BF /* Resources */,
			);
			buildRules = (
			);
			dependencies = (
			);
			name = Common;
			productName = Common;
			productReference = 5582092C2A714AA20020C3BF /* Common.framework */;
			productType = "com.apple.product-type.framework";
		};
		558209402A714CA80020C3BF /* CommonTests */ = {
			isa = PBXNativeTarget;
			buildConfigurationList = 558209482A714CA80020C3BF /* Build configuration list for PBXNativeTarget "CommonTests" */;
			buildPhases = (
				3A38F921212ED73BB191095D /* [CP] Check Pods Manifest.lock */,
				662A2A53564D3AC37806D967 /* [CP-User] 🚨 SwiftLint */,
				5582093D2A714CA80020C3BF /* Sources */,
				5582093E2A714CA80020C3BF /* Frameworks */,
				5582093F2A714CA80020C3BF /* Resources */,
			);
			buildRules = (
			);
			dependencies = (
				558209472A714CA80020C3BF /* PBXTargetDependency */,
			);
			name = CommonTests;
			productName = CommonTests;
			productReference = 558209412A714CA80020C3BF /* CommonTests.xctest */;
			productType = "com.apple.product-type.bundle.unit-test";
		};
/* End PBXNativeTarget section */

/* Begin PBXProject section */
		558209232A714AA20020C3BF /* Project object */ = {
			isa = PBXProject;
			attributes = {
				BuildIndependentTargetsInParallel = 1;
				LastSwiftUpdateCheck = 1430;
				LastUpgradeCheck = 1430;
				TargetAttributes = {
					5582092B2A714AA20020C3BF = {
						CreatedOnToolsVersion = 14.3.1;
						LastSwiftMigration = 1430;
					};
					558209402A714CA80020C3BF = {
						CreatedOnToolsVersion = 14.3.1;
					};
				};
			};
			buildConfigurationList = 558209262A714AA20020C3BF /* Build configuration list for PBXProject "Common" */;
			compatibilityVersion = "Xcode 14.0";
			developmentRegion = en;
			hasScannedForEncodings = 0;
			knownRegions = (
				en,
				Base,
			);
			mainGroup = 558209222A714AA20020C3BF;
			productRefGroup = 5582092D2A714AA20020C3BF /* Products */;
			projectDirPath = "";
			projectRoot = "";
			targets = (
				5582092B2A714AA20020C3BF /* Common */,
				558209402A714CA80020C3BF /* CommonTests */,
			);
		};
/* End PBXProject section */

/* Begin PBXResourcesBuildPhase section */
		5582092A2A714AA20020C3BF /* Resources */ = {
			isa = PBXResourcesBuildPhase;
			buildActionMask = 2147483647;
			files = (
				5582098A2A7155720020C3BF /* Assets.xcassets in Resources */,
				558209522A714D590020C3BF /* Localizable.strings in Resources */,
			);
			runOnlyForDeploymentPostprocessing = 0;
		};
		5582093F2A714CA80020C3BF /* Resources */ = {
			isa = PBXResourcesBuildPhase;
			buildActionMask = 2147483647;
			files = (
			);
			runOnlyForDeploymentPostprocessing = 0;
		};
/* End PBXResourcesBuildPhase section */

/* Begin PBXShellScriptBuildPhase section */
		3A38F921212ED73BB191095D /* [CP] Check Pods Manifest.lock */ = {
			isa = PBXShellScriptBuildPhase;
			buildActionMask = 2147483647;
			files = (
			);
			inputFileListPaths = (
			);
			inputPaths = (
				"${PODS_PODFILE_DIR_PATH}/Podfile.lock",
				"${PODS_ROOT}/Manifest.lock",
			);
			name = "[CP] Check Pods Manifest.lock";
			outputFileListPaths = (
			);
			outputPaths = (
				"$(DERIVED_FILE_DIR)/Pods-Common-CommonTests-checkManifestLockResult.txt",
			);
			runOnlyForDeploymentPostprocessing = 0;
			shellPath = /bin/sh;
			shellScript = "diff \"${PODS_PODFILE_DIR_PATH}/Podfile.lock\" \"${PODS_ROOT}/Manifest.lock\" > /dev/null\nif [ $? != 0 ] ; then\n    # print error to STDERR\n    echo \"error: The sandbox is not in sync with the Podfile.lock. Run 'pod install' or update your CocoaPods installation.\" >&2\n    exit 1\nfi\n# This output is used by Xcode 'outputs' to avoid re-running this script phase.\necho \"SUCCESS\" > \"${SCRIPT_OUTPUT_FILE_0}\"\n";
			showEnvVarsInLog = 0;
		};
		662A2A53564D3AC37806D967 /* [CP-User] 🚨 SwiftLint */ = {
			isa = PBXShellScriptBuildPhase;
			alwaysOutOfDate = 1;
			buildActionMask = 2147483647;
			files = (
			);
			name = "[CP-User] 🚨 SwiftLint";
			runOnlyForDeploymentPostprocessing = 0;
			shellPath = /bin/sh;
			shellScript = "cd $PRODUCT_NAME\nif [[ -f \"${PODS_ROOT}/SwiftLint/swiftlint\" ]]; then\n  \"${PODS_ROOT}/SwiftLint/swiftlint\"\nelse\n  echo \"error: SwiftLint is not installed. Run 'pod install --repo-update' to install it.\"\n  return -1\nfi\n";
		};
		846C1A99130A4C8F47C3FBEF /* [CP] Check Pods Manifest.lock */ = {
			isa = PBXShellScriptBuildPhase;
			buildActionMask = 2147483647;
			files = (
			);
			inputFileListPaths = (
			);
			inputPaths = (
				"${PODS_PODFILE_DIR_PATH}/Podfile.lock",
				"${PODS_ROOT}/Manifest.lock",
			);
			name = "[CP] Check Pods Manifest.lock";
			outputFileListPaths = (
			);
			outputPaths = (
				"$(DERIVED_FILE_DIR)/Pods-Common-checkManifestLockResult.txt",
			);
			runOnlyForDeploymentPostprocessing = 0;
			shellPath = /bin/sh;
			shellScript = "diff \"${PODS_PODFILE_DIR_PATH}/Podfile.lock\" \"${PODS_ROOT}/Manifest.lock\" > /dev/null\nif [ $? != 0 ] ; then\n    # print error to STDERR\n    echo \"error: The sandbox is not in sync with the Podfile.lock. Run 'pod install' or update your CocoaPods installation.\" >&2\n    exit 1\nfi\n# This output is used by Xcode 'outputs' to avoid re-running this script phase.\necho \"SUCCESS\" > \"${SCRIPT_OUTPUT_FILE_0}\"\n";
			showEnvVarsInLog = 0;
		};
		C55C9A7389F0D302DF3CBA25 /* [CP-User] 🚨 SwiftLint */ = {
			isa = PBXShellScriptBuildPhase;
			alwaysOutOfDate = 1;
			buildActionMask = 2147483647;
			files = (
			);
			name = "[CP-User] 🚨 SwiftLint";
			runOnlyForDeploymentPostprocessing = 0;
			shellPath = /bin/sh;
			shellScript = "cd $PRODUCT_NAME\nif [[ -f \"${PODS_ROOT}/SwiftLint/swiftlint\" ]]; then\n  \"${PODS_ROOT}/SwiftLint/swiftlint\"\nelse\n  echo \"error: SwiftLint is not installed. Run 'pod install --repo-update' to install it.\"\n  return -1\nfi\n";
		};
		F1568D2D8AE832B73B4F888B /* [CP-User] 🛠️ SwiftGen */ = {
			isa = PBXShellScriptBuildPhase;
			alwaysOutOfDate = 1;
			buildActionMask = 2147483647;
			files = (
			);
			name = "[CP-User] 🛠️ SwiftGen";
			runOnlyForDeploymentPostprocessing = 0;
			shellPath = /bin/sh;
			shellScript = "if [[ -f \"${PODS_ROOT}/SwiftGen/bin/swiftgen\" ]]; then\n  \"${PODS_ROOT}/SwiftGen/bin/swiftgen\" config run --config \"${PRODUCT_NAME}/swiftgen.yml\"\nelse\n  echo \"error: SwiftGen is not installed. Run 'bundle exec pod install --repo-update' to install it.\"\n  return -1\nfi\n";
		};
/* End PBXShellScriptBuildPhase section */

/* Begin PBXSourcesBuildPhase section */
		558209282A714AA20020C3BF /* Sources */ = {
			isa = PBXSourcesBuildPhase;
			buildActionMask = 2147483647;
			files = (
				5582095B2A714D9A0020C3BF /* Assets.swift in Sources */,
				5582093C2A714C210020C3BF /* AsyncImageView.swift in Sources */,
				5582095A2A714D9A0020C3BF /* Localizable.swift in Sources */,
				558209382A714AC30020C3BF /* Movie.swift in Sources */,
			);
			runOnlyForDeploymentPostprocessing = 0;
		};
		5582093D2A714CA80020C3BF /* Sources */ = {
			isa = PBXSourcesBuildPhase;
			buildActionMask = 2147483647;
			files = (
				558209442A714CA80020C3BF /* CommonTests.swift in Sources */,
			);
			runOnlyForDeploymentPostprocessing = 0;
		};
/* End PBXSourcesBuildPhase section */

/* Begin PBXTargetDependency section */
		558209472A714CA80020C3BF /* PBXTargetDependency */ = {
			isa = PBXTargetDependency;
			platformFilter = ios;
			target = 5582092B2A714AA20020C3BF /* Common */;
			targetProxy = 558209462A714CA80020C3BF /* PBXContainerItemProxy */;
		};
/* End PBXTargetDependency section */

/* Begin PBXVariantGroup section */
		558209542A714D590020C3BF /* Localizable.strings */ = {
			isa = PBXVariantGroup;
			children = (
				558209532A714D590020C3BF /* en */,
			);
			name = Localizable.strings;
			sourceTree = "<group>";
		};
/* End PBXVariantGroup section */

/* Begin XCBuildConfiguration section */
		558209312A714AA20020C3BF /* Debug */ = {
			isa = XCBuildConfiguration;
			buildSettings = {
				ALWAYS_SEARCH_USER_PATHS = NO;
				CLANG_ANALYZER_NONNULL = YES;
				CLANG_ANALYZER_NUMBER_OBJECT_CONVERSION = YES_AGGRESSIVE;
				CLANG_CXX_LANGUAGE_STANDARD = "gnu++20";
				CLANG_ENABLE_MODULES = YES;
				CLANG_ENABLE_OBJC_ARC = YES;
				CLANG_ENABLE_OBJC_WEAK = YES;
				CLANG_WARN_BLOCK_CAPTURE_AUTORELEASING = YES;
				CLANG_WARN_BOOL_CONVERSION = YES;
				CLANG_WARN_COMMA = YES;
				CLANG_WARN_CONSTANT_CONVERSION = YES;
				CLANG_WARN_DEPRECATED_OBJC_IMPLEMENTATIONS = YES;
				CLANG_WARN_DIRECT_OBJC_ISA_USAGE = YES_ERROR;
				CLANG_WARN_DOCUMENTATION_COMMENTS = YES;
				CLANG_WARN_EMPTY_BODY = YES;
				CLANG_WARN_ENUM_CONVERSION = YES;
				CLANG_WARN_INFINITE_RECURSION = YES;
				CLANG_WARN_INT_CONVERSION = YES;
				CLANG_WARN_NON_LITERAL_NULL_CONVERSION = YES;
				CLANG_WARN_OBJC_IMPLICIT_RETAIN_SELF = YES;
				CLANG_WARN_OBJC_LITERAL_CONVERSION = YES;
				CLANG_WARN_OBJC_ROOT_CLASS = YES_ERROR;
				CLANG_WARN_QUOTED_INCLUDE_IN_FRAMEWORK_HEADER = YES;
				CLANG_WARN_RANGE_LOOP_ANALYSIS = YES;
				CLANG_WARN_STRICT_PROTOTYPES = YES;
				CLANG_WARN_SUSPICIOUS_MOVE = YES;
				CLANG_WARN_UNGUARDED_AVAILABILITY = YES_AGGRESSIVE;
				CLANG_WARN_UNREACHABLE_CODE = YES;
				CLANG_WARN__DUPLICATE_METHOD_MATCH = YES;
				COPY_PHASE_STRIP = NO;
				CURRENT_PROJECT_VERSION = 1;
				DEBUG_INFORMATION_FORMAT = dwarf;
				ENABLE_STRICT_OBJC_MSGSEND = YES;
				ENABLE_TESTABILITY = YES;
				GCC_C_LANGUAGE_STANDARD = gnu11;
				GCC_DYNAMIC_NO_PIC = NO;
				GCC_NO_COMMON_BLOCKS = YES;
				GCC_OPTIMIZATION_LEVEL = 0;
				GCC_PREPROCESSOR_DEFINITIONS = (
					"DEBUG=1",
					"$(inherited)",
				);
				GCC_WARN_64_TO_32_BIT_CONVERSION = YES;
				GCC_WARN_ABOUT_RETURN_TYPE = YES_ERROR;
				GCC_WARN_UNDECLARED_SELECTOR = YES;
				GCC_WARN_UNINITIALIZED_AUTOS = YES_AGGRESSIVE;
				GCC_WARN_UNUSED_FUNCTION = YES;
				GCC_WARN_UNUSED_VARIABLE = YES;
				IPHONEOS_DEPLOYMENT_TARGET = 15.2;
				MTL_ENABLE_DEBUG_INFO = INCLUDE_SOURCE;
				MTL_FAST_MATH = YES;
				ONLY_ACTIVE_ARCH = YES;
				SDKROOT = iphoneos;
				SWIFT_ACTIVE_COMPILATION_CONDITIONS = DEBUG;
				SWIFT_OPTIMIZATION_LEVEL = "-Onone";
				VERSIONING_SYSTEM = "apple-generic";
				VERSION_INFO_PREFIX = "";
			};
			name = Debug;
		};
		558209322A714AA20020C3BF /* Release */ = {
			isa = XCBuildConfiguration;
			buildSettings = {
				ALWAYS_SEARCH_USER_PATHS = NO;
				CLANG_ANALYZER_NONNULL = YES;
				CLANG_ANALYZER_NUMBER_OBJECT_CONVERSION = YES_AGGRESSIVE;
				CLANG_CXX_LANGUAGE_STANDARD = "gnu++20";
				CLANG_ENABLE_MODULES = YES;
				CLANG_ENABLE_OBJC_ARC = YES;
				CLANG_ENABLE_OBJC_WEAK = YES;
				CLANG_WARN_BLOCK_CAPTURE_AUTORELEASING = YES;
				CLANG_WARN_BOOL_CONVERSION = YES;
				CLANG_WARN_COMMA = YES;
				CLANG_WARN_CONSTANT_CONVERSION = YES;
				CLANG_WARN_DEPRECATED_OBJC_IMPLEMENTATIONS = YES;
				CLANG_WARN_DIRECT_OBJC_ISA_USAGE = YES_ERROR;
				CLANG_WARN_DOCUMENTATION_COMMENTS = YES;
				CLANG_WARN_EMPTY_BODY = YES;
				CLANG_WARN_ENUM_CONVERSION = YES;
				CLANG_WARN_INFINITE_RECURSION = YES;
				CLANG_WARN_INT_CONVERSION = YES;
				CLANG_WARN_NON_LITERAL_NULL_CONVERSION = YES;
				CLANG_WARN_OBJC_IMPLICIT_RETAIN_SELF = YES;
				CLANG_WARN_OBJC_LITERAL_CONVERSION = YES;
				CLANG_WARN_OBJC_ROOT_CLASS = YES_ERROR;
				CLANG_WARN_QUOTED_INCLUDE_IN_FRAMEWORK_HEADER = YES;
				CLANG_WARN_RANGE_LOOP_ANALYSIS = YES;
				CLANG_WARN_STRICT_PROTOTYPES = YES;
				CLANG_WARN_SUSPICIOUS_MOVE = YES;
				CLANG_WARN_UNGUARDED_AVAILABILITY = YES_AGGRESSIVE;
				CLANG_WARN_UNREACHABLE_CODE = YES;
				CLANG_WARN__DUPLICATE_METHOD_MATCH = YES;
				COPY_PHASE_STRIP = NO;
				CURRENT_PROJECT_VERSION = 1;
				DEBUG_INFORMATION_FORMAT = "dwarf-with-dsym";
				ENABLE_NS_ASSERTIONS = NO;
				ENABLE_STRICT_OBJC_MSGSEND = YES;
				GCC_C_LANGUAGE_STANDARD = gnu11;
				GCC_NO_COMMON_BLOCKS = YES;
				GCC_WARN_64_TO_32_BIT_CONVERSION = YES;
				GCC_WARN_ABOUT_RETURN_TYPE = YES_ERROR;
				GCC_WARN_UNDECLARED_SELECTOR = YES;
				GCC_WARN_UNINITIALIZED_AUTOS = YES_AGGRESSIVE;
				GCC_WARN_UNUSED_FUNCTION = YES;
				GCC_WARN_UNUSED_VARIABLE = YES;
				IPHONEOS_DEPLOYMENT_TARGET = 15.2;
				MTL_ENABLE_DEBUG_INFO = NO;
				MTL_FAST_MATH = YES;
				SDKROOT = iphoneos;
				SWIFT_COMPILATION_MODE = wholemodule;
				SWIFT_OPTIMIZATION_LEVEL = "-O";
				VALIDATE_PRODUCT = YES;
				VERSIONING_SYSTEM = "apple-generic";
				VERSION_INFO_PREFIX = "";
			};
			name = Release;
		};
		558209342A714AA20020C3BF /* Debug */ = {
			isa = XCBuildConfiguration;
			baseConfigurationReference = 798E6CF92BEA669ABCEA1283 /* Pods-Common.debug.xcconfig */;
			buildSettings = {
				CLANG_ENABLE_MODULES = YES;
				CODE_SIGN_STYLE = Automatic;
				CURRENT_PROJECT_VERSION = 1;
				DEFINES_MODULE = YES;
				DYLIB_COMPATIBILITY_VERSION = 1;
				DYLIB_CURRENT_VERSION = 1;
				DYLIB_INSTALL_NAME_BASE = "@rpath";
				ENABLE_MODULE_VERIFIER = YES;
				GENERATE_INFOPLIST_FILE = YES;
				INFOPLIST_KEY_NSHumanReadableCopyright = "";
				INSTALL_PATH = "$(LOCAL_LIBRARY_DIR)/Frameworks";
				IPHONEOS_DEPLOYMENT_TARGET = 15.2;
				LD_RUNPATH_SEARCH_PATHS = (
					"$(inherited)",
					"@executable_path/Frameworks",
					"@loader_path/Frameworks",
				);
				MARKETING_VERSION = 1.0;
				MODULE_VERIFIER_SUPPORTED_LANGUAGES = "objective-c objective-c++";
				MODULE_VERIFIER_SUPPORTED_LANGUAGE_STANDARDS = "gnu11 gnu++20";
				PRODUCT_BUNDLE_IDENTIFIER = com.david.deak.test.movies.common;
				PRODUCT_NAME = "$(TARGET_NAME:c99extidentifier)";
				SKIP_INSTALL = YES;
				SUPPORTED_PLATFORMS = "iphoneos iphonesimulator";
				SUPPORTS_MACCATALYST = NO;
				SUPPORTS_MAC_DESIGNED_FOR_IPHONE_IPAD = NO;
				SWIFT_EMIT_LOC_STRINGS = YES;
				SWIFT_OPTIMIZATION_LEVEL = "-Onone";
				SWIFT_VERSION = 5.0;
				TARGETED_DEVICE_FAMILY = 1;
			};
			name = Debug;
		};
		558209352A714AA20020C3BF /* Release */ = {
			isa = XCBuildConfiguration;
			baseConfigurationReference = 148F6EE3633D4DE8278471CC /* Pods-Common.release.xcconfig */;
			buildSettings = {
				CLANG_ENABLE_MODULES = YES;
				CODE_SIGN_STYLE = Automatic;
				CURRENT_PROJECT_VERSION = 1;
				DEFINES_MODULE = YES;
				DYLIB_COMPATIBILITY_VERSION = 1;
				DYLIB_CURRENT_VERSION = 1;
				DYLIB_INSTALL_NAME_BASE = "@rpath";
				ENABLE_MODULE_VERIFIER = YES;
				GENERATE_INFOPLIST_FILE = YES;
				INFOPLIST_KEY_NSHumanReadableCopyright = "";
				INSTALL_PATH = "$(LOCAL_LIBRARY_DIR)/Frameworks";
				IPHONEOS_DEPLOYMENT_TARGET = 15.2;
				LD_RUNPATH_SEARCH_PATHS = (
					"$(inherited)",
					"@executable_path/Frameworks",
					"@loader_path/Frameworks",
				);
				MARKETING_VERSION = 1.0;
				MODULE_VERIFIER_SUPPORTED_LANGUAGES = "objective-c objective-c++";
				MODULE_VERIFIER_SUPPORTED_LANGUAGE_STANDARDS = "gnu11 gnu++20";
				PRODUCT_BUNDLE_IDENTIFIER = com.david.deak.test.movies.common;
				PRODUCT_NAME = "$(TARGET_NAME:c99extidentifier)";
				SKIP_INSTALL = YES;
				SUPPORTED_PLATFORMS = "iphoneos iphonesimulator";
				SUPPORTS_MACCATALYST = NO;
				SUPPORTS_MAC_DESIGNED_FOR_IPHONE_IPAD = NO;
				SWIFT_EMIT_LOC_STRINGS = YES;
				SWIFT_VERSION = 5.0;
				TARGETED_DEVICE_FAMILY = 1;
			};
			name = Release;
		};
		558209492A714CA80020C3BF /* Debug */ = {
			isa = XCBuildConfiguration;
			baseConfigurationReference = 341B70DB122685587B8143E5 /* Pods-Common-CommonTests.debug.xcconfig */;
			buildSettings = {
				CODE_SIGN_STYLE = Automatic;
				CURRENT_PROJECT_VERSION = 1;
				GENERATE_INFOPLIST_FILE = YES;
				IPHONEOS_DEPLOYMENT_TARGET = 15.2;
				MARKETING_VERSION = 1.0;
				PRODUCT_BUNDLE_IDENTIFIER = com.david.deak.test.movies.common.tests;
				PRODUCT_NAME = "$(TARGET_NAME)";
				SUPPORTED_PLATFORMS = "iphoneos iphonesimulator";
				SUPPORTS_MACCATALYST = NO;
				SUPPORTS_MAC_DESIGNED_FOR_IPHONE_IPAD = NO;
				SWIFT_EMIT_LOC_STRINGS = NO;
				SWIFT_VERSION = 5.0;
				TARGETED_DEVICE_FAMILY = 1;
			};
			name = Debug;
		};
		5582094A2A714CA80020C3BF /* Release */ = {
			isa = XCBuildConfiguration;
			baseConfigurationReference = 45DAE56BAC01D1039622BD14 /* Pods-Common-CommonTests.release.xcconfig */;
			buildSettings = {
				CODE_SIGN_STYLE = Automatic;
				CURRENT_PROJECT_VERSION = 1;
				GENERATE_INFOPLIST_FILE = YES;
				IPHONEOS_DEPLOYMENT_TARGET = 15.2;
				MARKETING_VERSION = 1.0;
				PRODUCT_BUNDLE_IDENTIFIER = com.david.deak.test.movies.common.tests;
				PRODUCT_NAME = "$(TARGET_NAME)";
				SUPPORTED_PLATFORMS = "iphoneos iphonesimulator";
				SUPPORTS_MACCATALYST = NO;
				SUPPORTS_MAC_DESIGNED_FOR_IPHONE_IPAD = NO;
				SWIFT_EMIT_LOC_STRINGS = NO;
				SWIFT_VERSION = 5.0;
				TARGETED_DEVICE_FAMILY = 1;
			};
			name = Release;
		};
/* End XCBuildConfiguration section */

/* Begin XCConfigurationList section */
		558209262A714AA20020C3BF /* Build configuration list for PBXProject "Common" */ = {
			isa = XCConfigurationList;
			buildConfigurations = (
				558209312A714AA20020C3BF /* Debug */,
				558209322A714AA20020C3BF /* Release */,
			);
			defaultConfigurationIsVisible = 0;
			defaultConfigurationName = Release;
		};
		558209332A714AA20020C3BF /* Build configuration list for PBXNativeTarget "Common" */ = {
			isa = XCConfigurationList;
			buildConfigurations = (
				558209342A714AA20020C3BF /* Debug */,
				558209352A714AA20020C3BF /* Release */,
			);
			defaultConfigurationIsVisible = 0;
			defaultConfigurationName = Release;
		};
		558209482A714CA80020C3BF /* Build configuration list for PBXNativeTarget "CommonTests" */ = {
			isa = XCConfigurationList;
			buildConfigurations = (
				558209492A714CA80020C3BF /* Debug */,
				5582094A2A714CA80020C3BF /* Release */,
			);
			defaultConfigurationIsVisible = 0;
			defaultConfigurationName = Release;
		};
/* End XCConfigurationList section */
	};
	rootObject = 558209232A714AA20020C3BF /* Project object */;
}
